
Microsoft Visual Studio Solution File, Format Version 12.00
# Visual Studio Version 17
VisualStudioVersion = 17.13.35931.197
MinimumVisualStudioVersion = 10.0.40219.1
Project("{FAE04EC0-301F-11D3-BF4B-00C04F79EFBC}") = "BankDataAccessLayer", "BankDataAccessLayer\BankDataAccessLayer.csproj", "{C268E793-B684-4DC1-8231-60278AE72096}"
EndProject
Project("{FAE04EC0-301F-11D3-BF4B-00C04F79EFBC}") = "BankBusinessLayer", "BankBusinessLayer\BankBusinessLayer.csproj", "{412AEE6E-ED24-4046-9AAD-6F2E77F06299}"
EndProject
Project("{FAE04EC0-301F-11D3-BF4B-00C04F79EFBC}") = "BankManagementWPF", "BankManagementWPF\BankManagementWPF.csproj", "{5940C85B-13FE-40E9-A80C-0BC6B037FF03}"
EndProject
Project("{FAE04EC0-301F-11D3-BF4B-00C04F79EFBC}") = "UserCRUD", "UserCRUD\UserCRUD.csproj", "{7D3372C6-7768-4AC4-8872-9B5C8AA836A3}"
EndProject
Project("{FAE04EC0-301F-11D3-BF4B-00C04F79EFBC}") = "UserCRUD.test", "UserCRUD.test\UserCRUD.test.csproj", "{A9FB938D-EEAC-4B51-A8B6-9A1E46F92919}"
EndProject
Global
	GlobalSection(SolutionConfigurationPlatforms) = preSolution
		Debug|Any CPU = Debug|Any CPU
		Release|Any CPU = Release|Any CPU
	EndGlobalSection
	GlobalSection(ProjectConfigurationPlatforms) = postSolution
		{C268E793-B684-4DC1-8231-60278AE72096}.Debug|Any CPU.ActiveCfg = Debug|Any CPU
		{C268E793-B684-4DC1-8231-60278AE72096}.Debug|Any CPU.Build.0 = Debug|Any CPU
		{C268E793-B684-4DC1-8231-60278AE72096}.Release|Any CPU.ActiveCfg = Release|Any CPU
		{C268E793-B684-4DC1-8231-60278AE72096}.Release|Any CPU.Build.0 = Release|Any CPU
		{412AEE6E-ED24-4046-9AAD-6F2E77F06299}.Debug|Any CPU.ActiveCfg = Debug|Any CPU
		{412AEE6E-ED24-4046-9AAD-6F2E77F06299}.Debug|Any CPU.Build.0 = Debug|Any CPU
		{412AEE6E-ED24-4046-9AAD-6F2E77F06299}.Release|Any CPU.ActiveCfg = Release|Any CPU
		{5940C85B-13FE-40E9-A80C-0BC6B037FF03}.Debug|Any CPU.ActiveCfg = Debug|Any CPU
		{5940C85B-13FE-40E9-A80C-0BC6B037FF03}.Debug|Any CPU.Build.0 = Debug|Any CPU
		{5940C85B-13FE-40E9-A80C-0BC6B037FF03}.Release|Any CPU.ActiveCfg = Release|Any CPU
		{5940C85B-13FE-40E9-A80C-0BC6B037FF03}.Release|Any CPU.Build.0 = Release|Any CPU
		{7D3372C6-7768-4AC4-8872-9B5C8AA836A3}.Debug|Any CPU.ActiveCfg = Debug|Any CPU
		{7D3372C6-7768-4AC4-8872-9B5C8AA836A3}.Debug|Any CPU.Build.0 = Debug|Any CPU
		{7D3372C6-7768-4AC4-8872-9B5C8AA836A3}.Release|Any CPU.ActiveCfg = Release|Any CPU
		{7D3372C6-7768-4AC4-8872-9B5C8AA836A3}.Release|Any CPU.Build.0 = Release|Any CPU
		{A9FB938D-EEAC-4B51-A8B6-9A1E46F92919}.Debug|Any CPU.ActiveCfg = Debug|Any CPU
		{A9FB938D-EEAC-4B51-A8B6-9A1E46F92919}.Debug|Any CPU.Build.0 = Debug|Any CPU
		{A9FB938D-EEAC-4B51-A8B6-9A1E46F92919}.Release|Any CPU.ActiveCfg = Release|Any CPU
		{A9FB938D-EEAC-4B51-A8B6-9A1E46F92919}.Release|Any CPU.Build.0 = Release|Any CPU
	EndGlobalSection
	GlobalSection(SolutionProperties) = preSolution
		HideSolutionNode = FALSE
	EndGlobalSection
	GlobalSection(ExtensibilityGlobals) = postSolution
		SolutionGuid = {DF6BEB4C-C400-4B55-A295-E29B943D6145}
	EndGlobalSection
EndGlobal
